
Microsoft Visual Studio Solution File, Format Version 12.00
# Visual Studio Version 16
VisualStudioVersion = 16.0.29306.81
MinimumVisualStudioVersion = 10.0.40219.1
Project("{FAE04EC0-301F-11D3-BF4B-00C04F79EFBC}") = "API", "API\API.csproj", "{AC6D69C1-25C3-472F-A647-8FDF23E5AD53}"
EndProject
Project("{FAE04EC0-301F-11D3-BF4B-00C04F79EFBC}") = "Domain", "Domain\Domain.csproj", "{021F0D02-00DF-400D-89FA-251D71BAD6AF}"
EndProject
Global
	GlobalSection(SolutionConfigurationPlatforms) = preSolution
		Debug|Any CPU = Debug|Any CPU
		Release|Any CPU = Release|Any CPU
	EndGlobalSection
	GlobalSection(ProjectConfigurationPlatforms) = postSolution
		{AC6D69C1-25C3-472F-A647-8FDF23E5AD53}.Debug|Any CPU.ActiveCfg = Debug|Any CPU
		{AC6D69C1-25C3-472F-A647-8FDF23E5AD53}.Debug|Any CPU.Build.0 = Debug|Any CPU
		{AC6D69C1-25C3-472F-A647-8FDF23E5AD53}.Release|Any CPU.ActiveCfg = Release|Any CPU
		{AC6D69C1-25C3-472F-A647-8FDF23E5AD53}.Release|Any CPU.Build.0 = Release|Any CPU
		{021F0D02-00DF-400D-89FA-251D71BAD6AF}.Debug|Any CPU.ActiveCfg = Debug|Any CPU
		{021F0D02-00DF-400D-89FA-251D71BAD6AF}.Debug|Any CPU.Build.0 = Debug|Any CPU
		{021F0D02-00DF-400D-89FA-251D71BAD6AF}.Release|Any CPU.ActiveCfg = Release|Any CPU
		{021F0D02-00DF-400D-89FA-251D71BAD6AF}.Release|Any CPU.Build.0 = Release|Any CPU
	EndGlobalSection
	GlobalSection(SolutionProperties) = preSolution
		HideSolutionNode = FALSE
	EndGlobalSection
	GlobalSection(ExtensibilityGlobals) = postSolution
		SolutionGuid = {E35D0522-65EE-429C-8E06-B49D5E91728C}
	EndGlobalSection
EndGlobal
